// !$*UTF8*$!
{
	archiveVersion = 1;
	classes = {
	};
	objectVersion = 56;
	objects = {

/* Begin PBXBuildFile section */
		F88393102A437C6600EB4E28 /* AppDelegate.swift in Sources */ = {isa = PBXBuildFile; fileRef = F883930F2A437C6600EB4E28 /* AppDelegate.swift */; };
		F88393122A437C6600EB4E28 /* SceneDelegate.swift in Sources */ = {isa = PBXBuildFile; fileRef = F88393112A437C6600EB4E28 /* SceneDelegate.swift */; };
		F88393142A437C6600EB4E28 /* ViewController.swift in Sources */ = {isa = PBXBuildFile; fileRef = F88393132A437C6600EB4E28 /* ViewController.swift */; };
		F88393172A437C6600EB4E28 /* Main.storyboard in Resources */ = {isa = PBXBuildFile; fileRef = F88393152A437C6600EB4E28 /* Main.storyboard */; };
		F88393192A437C6800EB4E28 /* Assets.xcassets in Resources */ = {isa = PBXBuildFile; fileRef = F88393182A437C6800EB4E28 /* Assets.xcassets */; };
		F883931C2A437C6800EB4E28 /* LaunchScreen.storyboard in Resources */ = {isa = PBXBuildFile; fileRef = F883931A2A437C6800EB4E28 /* LaunchScreen.storyboard */; };
		F88393252A437CA900EB4E28 /* CellHeightCache.swift in Sources */ = {isa = PBXBuildFile; fileRef = F88393242A437CA900EB4E28 /* CellHeightCache.swift */; };
		F883932E2A44D81D00EB4E28 /* ThreeLineCellView.swift in Sources */ = {isa = PBXBuildFile; fileRef = F883932D2A44D81D00EB4E28 /* ThreeLineCellView.swift */; };
		F88393302A44E15500EB4E28 /* LICENSE in Resources */ = {isa = PBXBuildFile; fileRef = F883932F2A44E15500EB4E28 /* LICENSE */; };
/* End PBXBuildFile section */

/* Begin PBXFileReference section */
		F883930C2A437C6600EB4E28 /* CellHeightCacheProject.app */ = {isa = PBXFileReference; explicitFileType = wrapper.application; includeInIndex = 0; path = CellHeightCacheProject.app; sourceTree = BUILT_PRODUCTS_DIR; };
		F883930F2A437C6600EB4E28 /* AppDelegate.swift */ = {isa = PBXFileReference; lastKnownFileType = sourcecode.swift; path = AppDelegate.swift; sourceTree = "<group>"; };
		F88393112A437C6600EB4E28 /* SceneDelegate.swift */ = {isa = PBXFileReference; lastKnownFileType = sourcecode.swift; path = SceneDelegate.swift; sourceTree = "<group>"; };
		F88393132A437C6600EB4E28 /* ViewController.swift */ = {isa = PBXFileReference; lastKnownFileType = sourcecode.swift; path = ViewController.swift; sourceTree = "<group>"; };
		F88393162A437C6600EB4E28 /* Base */ = {isa = PBXFileReference; lastKnownFileType = file.storyboard; name = Base; path = Base.lproj/Main.storyboard; sourceTree = "<group>"; };
		F88393182A437C6800EB4E28 /* Assets.xcassets */ = {isa = PBXFileReference; lastKnownFileType = folder.assetcatalog; path = Assets.xcassets; sourceTree = "<group>"; };
		F883931B2A437C6800EB4E28 /* Base */ = {isa = PBXFileReference; lastKnownFileType = file.storyboard; name = Base; path = Base.lproj/LaunchScreen.storyboard; sourceTree = "<group>"; };
		F883931D2A437C6800EB4E28 /* Info.plist */ = {isa = PBXFileReference; lastKnownFileType = text.plist.xml; path = Info.plist; sourceTree = "<group>"; };
		F88393242A437CA900EB4E28 /* CellHeightCache.swift */ = {isa = PBXFileReference; lastKnownFileType = sourcecode.swift; path = CellHeightCache.swift; sourceTree = "<group>"; };
		F883932D2A44D81D00EB4E28 /* ThreeLineCellView.swift */ = {isa = PBXFileReference; lastKnownFileType = sourcecode.swift; path = ThreeLineCellView.swift; sourceTree = "<group>"; };
		F883932F2A44E15500EB4E28 /* LICENSE */ = {isa = PBXFileReference; fileEncoding = 4; lastKnownFileType = text; path = LICENSE; sourceTree = "<group>"; };
/* End PBXFileReference section */

/* Begin PBXFrameworksBuildPhase section */
		F88393092A437C6600EB4E28 /* Frameworks */ = {
			isa = PBXFrameworksBuildPhase;
			buildActionMask = 2147483647;
			files = (
			);
			runOnlyForDeploymentPostprocessing = 0;
		};
/* End PBXFrameworksBuildPhase section */

/* Begin PBXGroup section */
		F88393032A437C6600EB4E28 = {
			isa = PBXGroup;
			children = (
				F883930E2A437C6600EB4E28 /* CellHeightCacheProject */,
				F883930D2A437C6600EB4E28 /* Products */,
			);
			sourceTree = "<group>";
		};
		F883930D2A437C6600EB4E28 /* Products */ = {
			isa = PBXGroup;
			children = (
				F883930C2A437C6600EB4E28 /* CellHeightCacheProject.app */,
			);
			name = Products;
			sourceTree = "<group>";
		};
		F883930E2A437C6600EB4E28 /* CellHeightCacheProject */ = {
			isa = PBXGroup;
			children = (
				F88393232A437C7B00EB4E28 /* Demo */,
				F883930F2A437C6600EB4E28 /* AppDelegate.swift */,
				F88393112A437C6600EB4E28 /* SceneDelegate.swift */,
				F883932F2A44E15500EB4E28 /* LICENSE */,
				F88393152A437C6600EB4E28 /* Main.storyboard */,
				F88393182A437C6800EB4E28 /* Assets.xcassets */,
				F883931A2A437C6800EB4E28 /* LaunchScreen.storyboard */,
				F883931D2A437C6800EB4E28 /* Info.plist */,
			);
			path = CellHeightCacheProject;
			sourceTree = "<group>";
		};
		F88393232A437C7B00EB4E28 /* Demo */ = {
			isa = PBXGroup;
			children = (
				F88393132A437C6600EB4E28 /* ViewController.swift */,
				F88393242A437CA900EB4E28 /* CellHeightCache.swift */,
				F883932D2A44D81D00EB4E28 /* ThreeLineCellView.swift */,
			);
			path = Demo;
			sourceTree = "<group>";
		};
/* End PBXGroup section */

/* Begin PBXNativeTarget section */
		F883930B2A437C6600EB4E28 /* CellHeightCacheProject */ = {
			isa = PBXNativeTarget;
			buildConfigurationList = F88393202A437C6800EB4E28 /* Build configuration list for PBXNativeTarget "CellHeightCacheProject" */;
			buildPhases = (
				F88393082A437C6600EB4E28 /* Sources */,
				F88393092A437C6600EB4E28 /* Frameworks */,
				F883930A2A437C6600EB4E28 /* Resources */,
			);
			buildRules = (
			);
			dependencies = (
			);
			name = CellHeightCacheProject;
			productName = CellHeightCacheProject;
			productReference = F883930C2A437C6600EB4E28 /* CellHeightCacheProject.app */;
			productType = "com.apple.product-type.application";
		};
/* End PBXNativeTarget section */

/* Begin PBXProject section */
		F88393042A437C6600EB4E28 /* Project object */ = {
			isa = PBXProject;
			attributes = {
				BuildIndependentTargetsInParallel = 1;
				LastSwiftUpdateCheck = 1430;
				LastUpgradeCheck = 1430;
				TargetAttributes = {
					F883930B2A437C6600EB4E28 = {
						CreatedOnToolsVersion = 14.3;
					};
				};
			};
			buildConfigurationList = F88393072A437C6600EB4E28 /* Build configuration list for PBXProject "CellHeightCacheProject" */;
			compatibilityVersion = "Xcode 14.0";
			developmentRegion = en;
			hasScannedForEncodings = 0;
			knownRegions = (
				en,
				Base,
			);
			mainGroup = F88393032A437C6600EB4E28;
			productRefGroup = F883930D2A437C6600EB4E28 /* Products */;
			projectDirPath = "";
			projectRoot = "";
			targets = (
				F883930B2A437C6600EB4E28 /* CellHeightCacheProject */,
			);
		};
/* End PBXProject section */

/* Begin PBXResourcesBuildPhase section */
		F883930A2A437C6600EB4E28 /* Resources */ = {
			isa = PBXResourcesBuildPhase;
			buildActionMask = 2147483647;
			files = (
				F883931C2A437C6800EB4E28 /* LaunchScreen.storyboard in Resources */,
				F88393192A437C6800EB4E28 /* Assets.xcassets in Resources */,
				F88393302A44E15500EB4E28 /* LICENSE in Resources */,
				F88393172A437C6600EB4E28 /* Main.storyboard in Resources */,
			);
			runOnlyForDeploymentPostprocessing = 0;
		};
/* End PBXResourcesBuildPhase section */

/* Begin PBXSourcesBuildPhase section */
		F88393082A437C6600EB4E28 /* Sources */ = {
			isa = PBXSourcesBuildPhase;
			buildActionMask = 2147483647;
			files = (
				F88393142A437C6600EB4E28 /* ViewController.swift in Sources */,
				F883932E2A44D81D00EB4E28 /* ThreeLineCellView.swift in Sources */,
				F88393252A437CA900EB4E28 /* CellHeightCache.swift in Sources */,
				F88393102A437C6600EB4E28 /* AppDelegate.swift in Sources */,
				F88393122A437C6600EB4E28 /* SceneDelegate.swift in Sources */,
			);
			runOnlyForDeploymentPostprocessing = 0;
		};
/* End PBXSourcesBuildPhase section */

/* Begin PBXVariantGroup section */
		F88393152A437C6600EB4E28 /* Main.storyboard */ = {
			isa = PBXVariantGroup;
			children = (
				F88393162A437C6600EB4E28 /* Base */,
			);
			name = Main.storyboard;
			sourceTree = "<group>";
		};
		F883931A2A437C6800EB4E28 /* LaunchScreen.storyboard */ = {
			isa = PBXVariantGroup;
			children = (
				F883931B2A437C6800EB4E28 /* Base */,
			);
			name = LaunchScreen.storyboard;
			sourceTree = "<group>";
		};
/* End PBXVariantGroup section */

/* Begin XCBuildConfiguration section */
		F883931E2A437C6800EB4E28 /* Debug */ = {
			isa = XCBuildConfiguration;
			buildSettings = {
				ALWAYS_SEARCH_USER_PATHS = NO;
				CLANG_ANALYZER_NONNULL = YES;
				CLANG_ANALYZER_NUMBER_OBJECT_CONVERSION = YES_AGGRESSIVE;
				CLANG_CXX_LANGUAGE_STANDARD = "gnu++20";
				CLANG_ENABLE_MODULES = YES;
				CLANG_ENABLE_OBJC_ARC = YES;
				CLANG_ENABLE_OBJC_WEAK = YES;
				CLANG_WARN_BLOCK_CAPTURE_AUTORELEASING = YES;
				CLANG_WARN_BOOL_CONVERSION = YES;
				CLANG_WARN_COMMA = YES;
				CLANG_WARN_CONSTANT_CONVERSION = YES;
				CLANG_WARN_DEPRECATED_OBJC_IMPLEMENTATIONS = YES;
				CLANG_WARN_DIRECT_OBJC_ISA_USAGE = YES_ERROR;
				CLANG_WARN_DOCUMENTATION_COMMENTS = YES;
				CLANG_WARN_EMPTY_BODY = YES;
				CLANG_WARN_ENUM_CONVERSION = YES;
				CLANG_WARN_INFINITE_RECURSION = YES;
				CLANG_WARN_INT_CONVERSION = YES;
				CLANG_WARN_NON_LITERAL_NULL_CONVERSION = YES;
				CLANG_WARN_OBJC_IMPLICIT_RETAIN_SELF = YES;
				CLANG_WARN_OBJC_LITERAL_CONVERSION = YES;
				CLANG_WARN_OBJC_ROOT_CLASS = YES_ERROR;
				CLANG_WARN_QUOTED_INCLUDE_IN_FRAMEWORK_HEADER = YES;
				CLANG_WARN_RANGE_LOOP_ANALYSIS = YES;
				CLANG_WARN_STRICT_PROTOTYPES = YES;
				CLANG_WARN_SUSPICIOUS_MOVE = YES;
				CLANG_WARN_UNGUARDED_AVAILABILITY = YES_AGGRESSIVE;
				CLANG_WARN_UNREACHABLE_CODE = YES;
				CLANG_WARN__DUPLICATE_METHOD_MATCH = YES;
				COPY_PHASE_STRIP = NO;
				DEBUG_INFORMATION_FORMAT = dwarf;
				ENABLE_STRICT_OBJC_MSGSEND = YES;
				ENABLE_TESTABILITY = YES;
				GCC_C_LANGUAGE_STANDARD = gnu11;
				GCC_DYNAMIC_NO_PIC = NO;
				GCC_NO_COMMON_BLOCKS = YES;
				GCC_OPTIMIZATION_LEVEL = 0;
				GCC_PREPROCESSOR_DEFINITIONS = (
					"DEBUG=1",
					"$(inherited)",
				);
				GCC_WARN_64_TO_32_BIT_CONVERSION = YES;
				GCC_WARN_ABOUT_RETURN_TYPE = YES_ERROR;
				GCC_WARN_UNDECLARED_SELECTOR = YES;
				GCC_WARN_UNINITIALIZED_AUTOS = YES_AGGRESSIVE;
				GCC_WARN_UNUSED_FUNCTION = YES;
				GCC_WARN_UNUSED_VARIABLE = YES;
				IPHONEOS_DEPLOYMENT_TARGET = 16.4;
				MTL_ENABLE_DEBUG_INFO = INCLUDE_SOURCE;
				MTL_FAST_MATH = YES;
				ONLY_ACTIVE_ARCH = YES;
				SDKROOT = iphoneos;
				SWIFT_ACTIVE_COMPILATION_CONDITIONS = DEBUG;
				SWIFT_OPTIMIZATION_LEVEL = "-Onone";
			};
			name = Debug;
		};
		F883931F2A437C6800EB4E28 /* Release */ = {
			isa = XCBuildConfiguration;
			buildSettings = {
				ALWAYS_SEARCH_USER_PATHS = NO;
				CLANG_ANALYZER_NONNULL = YES;
				CLANG_ANALYZER_NUMBER_OBJECT_CONVERSION = YES_AGGRESSIVE;
				CLANG_CXX_LANGUAGE_STANDARD = "gnu++20";
				CLANG_ENABLE_MODULES = YES;
				CLANG_ENABLE_OBJC_ARC = YES;
				CLANG_ENABLE_OBJC_WEAK = YES;
				CLANG_WARN_BLOCK_CAPTURE_AUTORELEASING = YES;
				CLANG_WARN_BOOL_CONVERSION = YES;
				CLANG_WARN_COMMA = YES;
				CLANG_WARN_CONSTANT_CONVERSION = YES;
				CLANG_WARN_DEPRECATED_OBJC_IMPLEMENTATIONS = YES;
				CLANG_WARN_DIRECT_OBJC_ISA_USAGE = YES_ERROR;
				CLANG_WARN_DOCUMENTATION_COMMENTS = YES;
				CLANG_WARN_EMPTY_BODY = YES;
				CLANG_WARN_ENUM_CONVERSION = YES;
				CLANG_WARN_INFINITE_RECURSION = YES;
				CLANG_WARN_INT_CONVERSION = YES;
				CLANG_WARN_NON_LITERAL_NULL_CONVERSION = YES;
				CLANG_WARN_OBJC_IMPLICIT_RETAIN_SELF = YES;
				CLANG_WARN_OBJC_LITERAL_CONVERSION = YES;
				CLANG_WARN_OBJC_ROOT_CLASS = YES_ERROR;
				CLANG_WARN_QUOTED_INCLUDE_IN_FRAMEWORK_HEADER = YES;
				CLANG_WARN_RANGE_LOOP_ANALYSIS = YES;
				CLANG_WARN_STRICT_PROTOTYPES = YES;
				CLANG_WARN_SUSPICIOUS_MOVE = YES;
				CLANG_WARN_UNGUARDED_AVAILABILITY = YES_AGGRESSIVE;
				CLANG_WARN_UNREACHABLE_CODE = YES;
				CLANG_WARN__DUPLICATE_METHOD_MATCH = YES;
				COPY_PHASE_STRIP = NO;
				DEBUG_INFORMATION_FORMAT = "dwarf-with-dsym";
				ENABLE_NS_ASSERTIONS = NO;
				ENABLE_STRICT_OBJC_MSGSEND = YES;
				GCC_C_LANGUAGE_STANDARD = gnu11;
				GCC_NO_COMMON_BLOCKS = YES;
				GCC_WARN_64_TO_32_BIT_CONVERSION = YES;
				GCC_WARN_ABOUT_RETURN_TYPE = YES_ERROR;
				GCC_WARN_UNDECLARED_SELECTOR = YES;
				GCC_WARN_UNINITIALIZED_AUTOS = YES_AGGRESSIVE;
				GCC_WARN_UNUSED_FUNCTION = YES;
				GCC_WARN_UNUSED_VARIABLE = YES;
				IPHONEOS_DEPLOYMENT_TARGET = 16.4;
				MTL_ENABLE_DEBUG_INFO = NO;
				MTL_FAST_MATH = YES;
				SDKROOT = iphoneos;
				SWIFT_COMPILATION_MODE = wholemodule;
				SWIFT_OPTIMIZATION_LEVEL = "-O";
				VALIDATE_PRODUCT = YES;
			};
			name = Release;
		};
		F88393212A437C6800EB4E28 /* Debug */ = {
			isa = XCBuildConfiguration;
			buildSettings = {
				ASSETCATALOG_COMPILER_APPICON_NAME = AppIcon;
				ASSETCATALOG_COMPILER_GLOBAL_ACCENT_COLOR_NAME = AccentColor;
				CODE_SIGN_STYLE = Manual;
				CURRENT_PROJECT_VERSION = 1;
				DEVELOPMENT_TEAM = "";
				GENERATE_INFOPLIST_FILE = YES;
				INFOPLIST_FILE = CellHeightCacheProject/Info.plist;
				INFOPLIST_KEY_UIApplicationSupportsIndirectInputEvents = YES;
				INFOPLIST_KEY_UILaunchStoryboardName = LaunchScreen;
				INFOPLIST_KEY_UIMainStoryboardFile = Main;
				INFOPLIST_KEY_UISupportedInterfaceOrientations_iPad = "UIInterfaceOrientationPortrait UIInterfaceOrientationPortraitUpsideDown UIInterfaceOrientationLandscapeLeft UIInterfaceOrientationLandscapeRight";
				INFOPLIST_KEY_UISupportedInterfaceOrientations_iPhone = "UIInterfaceOrientationPortrait UIInterfaceOrientationLandscapeLeft UIInterfaceOrientationLandscapeRight";
				LD_RUNPATH_SEARCH_PATHS = (
					"$(inherited)",
					"@executable_path/Frameworks",
				);
				MARKETING_VERSION = 1.0;
				PRODUCT_BUNDLE_IDENTIFIER = com.thurston.alex.demo.CellHeightCacheProject;
				PRODUCT_NAME = "$(TARGET_NAME)";
				PROVISIONING_PROFILE_SPECIFIER = "";
				SWIFT_EMIT_LOC_STRINGS = YES;
				SWIFT_VERSION = 5.0;
				TARGETED_DEVICE_FAMILY = "1,2";
			};
			name = Debug;
		};
		F88393222A437C6800EB4E28 /* Release */ = {
			isa = XCBuildConfiguration;
			buildSettings = {
				ASSETCATALOG_COMPILER_APPICON_NAME = AppIcon;
				ASSETCATALOG_COMPILER_GLOBAL_ACCENT_COLOR_NAME = AccentColor;
				CODE_SIGN_STYLE = Manual;
				CURRENT_PROJECT_VERSION = 1;
				DEVELOPMENT_TEAM = "";
				GENERATE_INFOPLIST_FILE = YES;
				INFOPLIST_FILE = CellHeightCacheProject/Info.plist;
				INFOPLIST_KEY_UIApplicationSupportsIndirectInputEvents = YES;
				INFOPLIST_KEY_UILaunchStoryboardName = LaunchScreen;
				INFOPLIST_KEY_UIMainStoryboardFile = Main;
				INFOPLIST_KEY_UISupportedInterfaceOrientations_iPad = "UIInterfaceOrientationPortrait UIInterfaceOrientationPortraitUpsideDown UIInterfaceOrientationLandscapeLeft UIInterfaceOrientationLandscapeRight";
				INFOPLIST_KEY_UISupportedInterfaceOrientations_iPhone = "UIInterfaceOrientationPortrait UIInterfaceOrientationLandscapeLeft UIInterfaceOrientationLandscapeRight";
				LD_RUNPATH_SEARCH_PATHS = (
					"$(inherited)",
					"@executable_path/Frameworks",
				);
				MARKETING_VERSION = 1.0;
				PRODUCT_BUNDLE_IDENTIFIER = com.thurston.alex.demo.CellHeightCacheProject;
				PRODUCT_NAME = "$(TARGET_NAME)";
				PROVISIONING_PROFILE_SPECIFIER = "";
				SWIFT_EMIT_LOC_STRINGS = YES;
				SWIFT_VERSION = 5.0;
				TARGETED_DEVICE_FAMILY = "1,2";
			};
			name = Release;
		};
/* End XCBuildConfiguration section */

/* Begin XCConfigurationList section */
		F88393072A437C6600EB4E28 /* Build configuration list for PBXProject "CellHeightCacheProject" */ = {
			isa = XCConfigurationList;
			buildConfigurations = (
				F883931E2A437C6800EB4E28 /* Debug */,
				F883931F2A437C6800EB4E28 /* Release */,
			);
			defaultConfigurationIsVisible = 0;
			defaultConfigurationName = Release;
		};
		F88393202A437C6800EB4E28 /* Build configuration list for PBXNativeTarget "CellHeightCacheProject" */ = {
			isa = XCConfigurationList;
			buildConfigurations = (
				F88393212A437C6800EB4E28 /* Debug */,
				F88393222A437C6800EB4E28 /* Release */,
			);
			defaultConfigurationIsVisible = 0;
			defaultConfigurationName = Release;
		};
/* End XCConfigurationList section */
	};
	rootObject = F88393042A437C6600EB4E28 /* Project object */;
}
